
Microsoft Visual Studio Solution File, Format Version 12.00
# Visual Studio Version 16
VisualStudioVersion = 16.0.34031.81
MinimumVisualStudioVersion = 10.0.40219.1
Project("{FAE04EC0-301F-11D3-BF4B-00C04F79EFBC}") = "Library", "Introduction\Library.csproj", "{D1C16452-E26B-4EA3-B50B-1E06AA716A99}"
EndProject
Project("{FAE04EC0-301F-11D3-BF4B-00C04F79EFBC}") = "Library2", "Library2\Library2.csproj", "{26BA4400-BA8A-496E-9A8C-6D83C2F3C1EE}"
EndProject
Project("{FAE04EC0-301F-11D3-BF4B-00C04F79EFBC}") = "Academy", "Academy\Academy.csproj", "{EEFC9403-C548-4A04-AB6A-05CAE527C21D}"
EndProject
Global
	GlobalSection(SolutionConfigurationPlatforms) = preSolution
		Debug|Any CPU = Debug|Any CPU
		Release|Any CPU = Release|Any CPU
	EndGlobalSection
	GlobalSection(ProjectConfigurationPlatforms) = postSolution
		{D1C16452-E26B-4EA3-B50B-1E06AA716A99}.Debug|Any CPU.ActiveCfg = Debug|Any CPU
		{D1C16452-E26B-4EA3-B50B-1E06AA716A99}.Debug|Any CPU.Build.0 = Debug|Any CPU
		{D1C16452-E26B-4EA3-B50B-1E06AA716A99}.Release|Any CPU.ActiveCfg = Release|Any CPU
		{D1C16452-E26B-4EA3-B50B-1E06AA716A99}.Release|Any CPU.Build.0 = Release|Any CPU
		{26BA4400-BA8A-496E-9A8C-6D83C2F3C1EE}.Debug|Any CPU.ActiveCfg = Debug|Any CPU
		{26BA4400-BA8A-496E-9A8C-6D83C2F3C1EE}.Debug|Any CPU.Build.0 = Debug|Any CPU
		{26BA4400-BA8A-496E-9A8C-6D83C2F3C1EE}.Release|Any CPU.ActiveCfg = Release|Any CPU
		{26BA4400-BA8A-496E-9A8C-6D83C2F3C1EE}.Release|Any CPU.Build.0 = Release|Any CPU
		{EEFC9403-C548-4A04-AB6A-05CAE527C21D}.Debug|Any CPU.ActiveCfg = Debug|Any CPU
		{EEFC9403-C548-4A04-AB6A-05CAE527C21D}.Debug|Any CPU.Build.0 = Debug|Any CPU
		{EEFC9403-C548-4A04-AB6A-05CAE527C21D}.Release|Any CPU.ActiveCfg = Release|Any CPU
		{EEFC9403-C548-4A04-AB6A-05CAE527C21D}.Release|Any CPU.Build.0 = Release|Any CPU
	EndGlobalSection
	GlobalSection(SolutionProperties) = preSolution
		HideSolutionNode = FALSE
	EndGlobalSection
	GlobalSection(ExtensibilityGlobals) = postSolution
		SolutionGuid = {C5B13EC4-83E3-426C-AE3F-C0A1873003F8}
	EndGlobalSection
EndGlobal
